{
  "version": 1,
  "dependencies": {
    "net10.0": {
      "Microsoft.Data.Sqlite": {
        "type": "Direct",
        "requested": "[10.0.0, )",
        "resolved": "10.0.0",
        "contentHash": "I/azQ5WjwoLvSlTyDydkhARPSjYJN8jkXRjR5D92OeyTLbTrQ1K93rgf6XU+HYWHZA6lBI9SUOfl69OqEHb4ow==",
        "dependencies": {
          "Microsoft.Data.Sqlite.Core": "10.0.0",
          "SQLitePCLRaw.bundle_e_sqlite3": "2.1.11",
          "SQLitePCLRaw.core": "2.1.11"
        }
      },
      "Npgsql": {
        "type": "Direct",
        "requested": "[9.0.4, )",
        "resolved": "9.0.4",
        "contentHash": "68BASXH0FAEuL/J4J0eRfYC8/3vzqQTmoW8zDzNf0JgaVxc7LZeEkS6jaG0ib3voFLxY5ZiCwJG+uQM+mzuu0Q=="
      },
      "SQLitePCLRaw.bundle_e_sqlite3": {
        "type": "Direct",
        "requested": "[3.0.2, )",
        "resolved": "3.0.2",
        "contentHash": "nzPPFpELY9U1scLvQpA1k1GIgR9ror83DCPmirT2/i5NCPdTBfhTDA6MZqFZonGDayye5mUQRQLOVyEiJNYr0g==",
        "dependencies": {
          "SQLitePCLRaw.config.e_sqlite3": "3.0.2",
          "SourceGear.sqlite3": "3.50.4.2"
        }
      },
      "Microsoft.Data.Sqlite.Core": {
        "type": "Transitive",
        "resolved": "10.0.0",
        "contentHash": "wPKG/Ym6tSMCo06UOZXzVfeFGzawnOZrTba/R3PfK+RhNuNELZ9I7nFns4WGTtv2kKlrlmmErgJ+kgTXHaNdHg==",
        "dependencies": {
          "SQLitePCLRaw.core": "2.1.11"
        }
      },
      "SourceGear.sqlite3": {
        "type": "Transitive",
        "resolved": "3.50.4.2",
        "contentHash": "eV9HwQ88WyoU+reGVxJz1SwME9NbYnl9h2LOY15j0LGdXN4JkTJDk8JRRg/yNgt00O3Cn5/qnska10FEZNoU5g=="
      },
      "SQLitePCLRaw.config.e_sqlite3": {
        "type": "Transitive",
        "resolved": "3.0.2",
        "contentHash": "QPHR1Axs8YCCapb0TnmT7PxY9DX3sg4I4T9HOSKeFBiT5l482mjrOIxuyt+xOCwEQ2Enq5h0tgDOXMnJi+i0sw==",
        "dependencies": {
          "SQLitePCLRaw.provider.e_sqlite3": "3.0.2"
        }
      },
      "SQLitePCLRaw.core": {
        "type": "Transitive",
        "resolved": "3.0.2",
        "contentHash": "tnbRf0muOOSJK1RLCfyYK13jynFScgL4xMj7yC3oy8lrrGKXTKmOoWjfdV+cFfBRdppm4qST31hvp8ihgIgvMQ=="
      },
      "SQLitePCLRaw.provider.e_sqlite3": {
        "type": "Transitive",
        "resolved": "3.0.2",
        "contentHash": "RQIliDp47mQxGYNcBB6W+ezHbegkImrSZVTuWjQCSTTl3pQ37Q3rALkkkdTAMEmcIz71PEOCqNZMp7lXCnVqEQ==",
        "dependencies": {
          "SQLitePCLRaw.core": "3.0.2"
        }
      },
      "tpcli.contracts": {
        "type": "Project"
      }
    }
  }
}